
Microsoft Visual Studio Solution File, Format Version 10.00
# Visual Studio 2008
Project("{FAE04EC0-301F-11D3-BF4B-00C04F79EFBC}") = "TechEdMonoClient", "TechEdMonoClient\TechEdMonoClient.csproj", "{CE244D24-D257-43FF-8BBC-A0DADF744375}"
EndProject
Global
	GlobalSection(SolutionConfigurationPlatforms) = preSolution
		Debug|iPhoneSimulator = Debug|iPhoneSimulator
		Release|iPhoneSimulator = Release|iPhoneSimulator
		Debug|iPhone = Debug|iPhone
		Release|iPhone = Release|iPhone
	EndGlobalSection
	GlobalSection(ProjectConfigurationPlatforms) = postSolution
		{CE244D24-D257-43FF-8BBC-A0DADF744375}.Debug|iPhone.ActiveCfg = Debug|iPhone
		{CE244D24-D257-43FF-8BBC-A0DADF744375}.Debug|iPhone.Build.0 = Debug|iPhone
		{CE244D24-D257-43FF-8BBC-A0DADF744375}.Debug|iPhoneSimulator.ActiveCfg = Debug|iPhoneSimulator
		{CE244D24-D257-43FF-8BBC-A0DADF744375}.Debug|iPhoneSimulator.Build.0 = Debug|iPhoneSimulator
		{CE244D24-D257-43FF-8BBC-A0DADF744375}.Release|iPhone.ActiveCfg = Release|iPhone
		{CE244D24-D257-43FF-8BBC-A0DADF744375}.Release|iPhone.Build.0 = Release|iPhone
		{CE244D24-D257-43FF-8BBC-A0DADF744375}.Release|iPhoneSimulator.ActiveCfg = Release|iPhoneSimulator
		{CE244D24-D257-43FF-8BBC-A0DADF744375}.Release|iPhoneSimulator.Build.0 = Release|iPhoneSimulator
	EndGlobalSection
	GlobalSection(MonoDevelopProperties) = preSolution
		StartupItem = TechEdMonoClient\TechEdMonoClient.csproj
	EndGlobalSection
EndGlobal
